
Microsoft Visual Studio Solution File, Format Version 12.00
# Visual Studio Version 16
VisualStudioVersion = 16.0.30002.166
MinimumVisualStudioVersion = 10.0.40219.1
Project("{FAE04EC0-301F-11D3-BF4B-00C04F79EFBC}") = "Week9", "Week9\Week9.csproj", "{DB406FCD-1F21-480F-9999-67F4D4F47AB7}"
EndProject
Project("{FAE04EC0-301F-11D3-BF4B-00C04F79EFBC}") = "ToDoList", "ToDoList\ToDoList.csproj", "{657890B4-CE67-490C-9920-464221D81BCA}"
EndProject
Global
	GlobalSection(SolutionConfigurationPlatforms) = preSolution
		Debug|Any CPU = Debug|Any CPU
		Release|Any CPU = Release|Any CPU
	EndGlobalSection
	GlobalSection(ProjectConfigurationPlatforms) = postSolution
		{DB406FCD-1F21-480F-9999-67F4D4F47AB7}.Debug|Any CPU.ActiveCfg = Debug|Any CPU
		{DB406FCD-1F21-480F-9999-67F4D4F47AB7}.Debug|Any CPU.Build.0 = Debug|Any CPU
		{DB406FCD-1F21-480F-9999-67F4D4F47AB7}.Release|Any CPU.ActiveCfg = Release|Any CPU
		{DB406FCD-1F21-480F-9999-67F4D4F47AB7}.Release|Any CPU.Build.0 = Release|Any CPU
		{657890B4-CE67-490C-9920-464221D81BCA}.Debug|Any CPU.ActiveCfg = Debug|Any CPU
		{657890B4-CE67-490C-9920-464221D81BCA}.Debug|Any CPU.Build.0 = Debug|Any CPU
		{657890B4-CE67-490C-9920-464221D81BCA}.Release|Any CPU.ActiveCfg = Release|Any CPU
		{657890B4-CE67-490C-9920-464221D81BCA}.Release|Any CPU.Build.0 = Release|Any CPU
	EndGlobalSection
	GlobalSection(SolutionProperties) = preSolution
		HideSolutionNode = FALSE
	EndGlobalSection
	GlobalSection(ExtensibilityGlobals) = postSolution
		SolutionGuid = {2EFCD495-7175-4FF0-A2CB-6C44259EE614}
	EndGlobalSection
EndGlobal
